// !$*UTF8*$!
{
	archiveVersion = 1;
	classes = {
	};
	objectVersion = 50;
	objects = {

/* Begin PBXBuildFile section */
		6A007CE5F951F4D3A6EDE550 /* Pods_echoesTests.framework in Frameworks */ = {isa = PBXBuildFile; fileRef = 854CCA8F28B49E5011CF50C7 /* Pods_echoesTests.framework */; };
		B6EBB526D5907F6A676E3894 /* Pods_echoesUITests.framework in Frameworks */ = {isa = PBXBuildFile; fileRef = 961FA2B75C42D59ECA4E4FB0 /* Pods_echoesUITests.framework */; };
		BA4E5193216106C30094C9FE /* awsconfiguration.json in Resources */ = {isa = PBXBuildFile; fileRef = BA4E5192216106C30094C9FE /* awsconfiguration.json */; };
		BAAD5CFE2160FF6800B87493 /* AppDelegate.swift in Sources */ = {isa = PBXBuildFile; fileRef = BAAD5CFD2160FF6800B87493 /* AppDelegate.swift */; };
		BAAD5D002160FF6800B87493 /* ViewController.swift in Sources */ = {isa = PBXBuildFile; fileRef = BAAD5CFF2160FF6800B87493 /* ViewController.swift */; };
		BAAD5D032160FF6800B87493 /* Main.storyboard in Resources */ = {isa = PBXBuildFile; fileRef = BAAD5D012160FF6800B87493 /* Main.storyboard */; };
		BAAD5D052160FF6900B87493 /* Assets.xcassets in Resources */ = {isa = PBXBuildFile; fileRef = BAAD5D042160FF6900B87493 /* Assets.xcassets */; };
		BAAD5D082160FF6900B87493 /* LaunchScreen.storyboard in Resources */ = {isa = PBXBuildFile; fileRef = BAAD5D062160FF6900B87493 /* LaunchScreen.storyboard */; };
		BAAD5D132160FF6900B87493 /* echoesTests.swift in Sources */ = {isa = PBXBuildFile; fileRef = BAAD5D122160FF6900B87493 /* echoesTests.swift */; };
		BAAD5D1E2160FF6A00B87493 /* echoesUITests.swift in Sources */ = {isa = PBXBuildFile; fileRef = BAAD5D1D2160FF6A00B87493 /* echoesUITests.swift */; };
		BAEFD8142161541A0014769B /* ECHOESRESTAPIEchoesaddcClient.swift in Sources */ = {isa = PBXBuildFile; fileRef = BAEFD8102161541A0014769B /* ECHOESRESTAPIEchoesaddcClient.swift */; };
		BAEFD8152161541A0014769B /* ECHOESRESTAPIResponseSchema.swift in Sources */ = {isa = PBXBuildFile; fileRef = BAEFD8112161541A0014769B /* ECHOESRESTAPIResponseSchema.swift */; };
		BAEFD8162161541A0014769B /* ECHOESRESTAPIRequestSchema.swift in Sources */ = {isa = PBXBuildFile; fileRef = BAEFD8122161541A0014769B /* ECHOESRESTAPIRequestSchema.swift */; };
		E69DDAE377B290C28D0083B0 /* Pods_echoes.framework in Frameworks */ = {isa = PBXBuildFile; fileRef = A0DC6AA105220380C479877A /* Pods_echoes.framework */; };
/* End PBXBuildFile section */

/* Begin PBXContainerItemProxy section */
		BAAD5D0F2160FF6900B87493 /* PBXContainerItemProxy */ = {
			isa = PBXContainerItemProxy;
			containerPortal = BAAD5CF22160FF6800B87493 /* Project object */;
			proxyType = 1;
			remoteGlobalIDString = BAAD5CF92160FF6800B87493;
			remoteInfo = echoes;
		};
		BAAD5D1A2160FF6900B87493 /* PBXContainerItemProxy */ = {
			isa = PBXContainerItemProxy;
			containerPortal = BAAD5CF22160FF6800B87493 /* Project object */;
			proxyType = 1;
			remoteGlobalIDString = BAAD5CF92160FF6800B87493;
			remoteInfo = echoes;
		};
/* End PBXContainerItemProxy section */

/* Begin PBXFileReference section */
		46ADC6CD775E5825174CF679 /* Pods-echoesUITests.debug.xcconfig */ = {isa = PBXFileReference; includeInIndex = 1; lastKnownFileType = text.xcconfig; name = "Pods-echoesUITests.debug.xcconfig"; path = "Pods/Target Support Files/Pods-echoesUITests/Pods-echoesUITests.debug.xcconfig"; sourceTree = "<group>"; };
		5235A7E24810F629D302B2EE /* Pods-echoesUITests.release.xcconfig */ = {isa = PBXFileReference; includeInIndex = 1; lastKnownFileType = text.xcconfig; name = "Pods-echoesUITests.release.xcconfig"; path = "Pods/Target Support Files/Pods-echoesUITests/Pods-echoesUITests.release.xcconfig"; sourceTree = "<group>"; };
		67D29CCEBEB9211D524C91B5 /* Pods-echoes.release.xcconfig */ = {isa = PBXFileReference; includeInIndex = 1; lastKnownFileType = text.xcconfig; name = "Pods-echoes.release.xcconfig"; path = "Pods/Target Support Files/Pods-echoes/Pods-echoes.release.xcconfig"; sourceTree = "<group>"; };
		707C95F756487F43F99E46B0 /* Pods-echoesTests.debug.xcconfig */ = {isa = PBXFileReference; includeInIndex = 1; lastKnownFileType = text.xcconfig; name = "Pods-echoesTests.debug.xcconfig"; path = "Pods/Target Support Files/Pods-echoesTests/Pods-echoesTests.debug.xcconfig"; sourceTree = "<group>"; };
		7A2DC3CCE316BC3FFF9E5468 /* Pods-echoesTests.release.xcconfig */ = {isa = PBXFileReference; includeInIndex = 1; lastKnownFileType = text.xcconfig; name = "Pods-echoesTests.release.xcconfig"; path = "Pods/Target Support Files/Pods-echoesTests/Pods-echoesTests.release.xcconfig"; sourceTree = "<group>"; };
		854CCA8F28B49E5011CF50C7 /* Pods_echoesTests.framework */ = {isa = PBXFileReference; explicitFileType = wrapper.framework; includeInIndex = 0; path = Pods_echoesTests.framework; sourceTree = BUILT_PRODUCTS_DIR; };
		961FA2B75C42D59ECA4E4FB0 /* Pods_echoesUITests.framework */ = {isa = PBXFileReference; explicitFileType = wrapper.framework; includeInIndex = 0; path = Pods_echoesUITests.framework; sourceTree = BUILT_PRODUCTS_DIR; };
		A0DC6AA105220380C479877A /* Pods_echoes.framework */ = {isa = PBXFileReference; explicitFileType = wrapper.framework; includeInIndex = 0; path = Pods_echoes.framework; sourceTree = BUILT_PRODUCTS_DIR; };
		BA4E5192216106C30094C9FE /* awsconfiguration.json */ = {isa = PBXFileReference; fileEncoding = 4; lastKnownFileType = text.json; path = awsconfiguration.json; sourceTree = SOURCE_ROOT; };
		BAAD5CFA2160FF6800B87493 /* echoes.app */ = {isa = PBXFileReference; explicitFileType = wrapper.application; includeInIndex = 0; path = echoes.app; sourceTree = BUILT_PRODUCTS_DIR; };
		BAAD5CFD2160FF6800B87493 /* AppDelegate.swift */ = {isa = PBXFileReference; lastKnownFileType = sourcecode.swift; path = AppDelegate.swift; sourceTree = "<group>"; };
		BAAD5CFF2160FF6800B87493 /* ViewController.swift */ = {isa = PBXFileReference; lastKnownFileType = sourcecode.swift; path = ViewController.swift; sourceTree = "<group>"; };
		BAAD5D022160FF6800B87493 /* Base */ = {isa = PBXFileReference; lastKnownFileType = file.storyboard; name = Base; path = Base.lproj/Main.storyboard; sourceTree = "<group>"; };
		BAAD5D042160FF6900B87493 /* Assets.xcassets */ = {isa = PBXFileReference; lastKnownFileType = folder.assetcatalog; path = Assets.xcassets; sourceTree = "<group>"; };
		BAAD5D072160FF6900B87493 /* Base */ = {isa = PBXFileReference; lastKnownFileType = file.storyboard; name = Base; path = Base.lproj/LaunchScreen.storyboard; sourceTree = "<group>"; };
		BAAD5D092160FF6900B87493 /* Info.plist */ = {isa = PBXFileReference; lastKnownFileType = text.plist.xml; path = Info.plist; sourceTree = "<group>"; };
		BAAD5D0E2160FF6900B87493 /* echoesTests.xctest */ = {isa = PBXFileReference; explicitFileType = wrapper.cfbundle; includeInIndex = 0; path = echoesTests.xctest; sourceTree = BUILT_PRODUCTS_DIR; };
		BAAD5D122160FF6900B87493 /* echoesTests.swift */ = {isa = PBXFileReference; lastKnownFileType = sourcecode.swift; path = echoesTests.swift; sourceTree = "<group>"; };
		BAAD5D142160FF6900B87493 /* Info.plist */ = {isa = PBXFileReference; lastKnownFileType = text.plist.xml; path = Info.plist; sourceTree = "<group>"; };
		BAAD5D192160FF6900B87493 /* echoesUITests.xctest */ = {isa = PBXFileReference; explicitFileType = wrapper.cfbundle; includeInIndex = 0; path = echoesUITests.xctest; sourceTree = BUILT_PRODUCTS_DIR; };
		BAAD5D1D2160FF6A00B87493 /* echoesUITests.swift */ = {isa = PBXFileReference; lastKnownFileType = sourcecode.swift; path = echoesUITests.swift; sourceTree = "<group>"; };
		BAAD5D1F2160FF6A00B87493 /* Info.plist */ = {isa = PBXFileReference; lastKnownFileType = text.plist.xml; path = Info.plist; sourceTree = "<group>"; };
		BAEFD80F2161541A0014769B /* AWSApiGatewayBridge.h */ = {isa = PBXFileReference; fileEncoding = 4; lastKnownFileType = sourcecode.c.h; path = AWSApiGatewayBridge.h; sourceTree = "<group>"; };
		BAEFD8102161541A0014769B /* ECHOESRESTAPIEchoesaddcClient.swift */ = {isa = PBXFileReference; fileEncoding = 4; lastKnownFileType = sourcecode.swift; path = ECHOESRESTAPIEchoesaddcClient.swift; sourceTree = "<group>"; };
		BAEFD8112161541A0014769B /* ECHOESRESTAPIResponseSchema.swift */ = {isa = PBXFileReference; fileEncoding = 4; lastKnownFileType = sourcecode.swift; path = ECHOESRESTAPIResponseSchema.swift; sourceTree = "<group>"; };
		BAEFD8122161541A0014769B /* ECHOESRESTAPIRequestSchema.swift */ = {isa = PBXFileReference; fileEncoding = 4; lastKnownFileType = sourcecode.swift; path = ECHOESRESTAPIRequestSchema.swift; sourceTree = "<group>"; };
		BAEFD8132161541A0014769B /* Bridging_Header.h */ = {isa = PBXFileReference; fileEncoding = 4; lastKnownFileType = sourcecode.c.h; path = Bridging_Header.h; sourceTree = "<group>"; };
		E5486EF451C076D7F0106CB2 /* Pods-echoes.debug.xcconfig */ = {isa = PBXFileReference; includeInIndex = 1; lastKnownFileType = text.xcconfig; name = "Pods-echoes.debug.xcconfig"; path = "Pods/Target Support Files/Pods-echoes/Pods-echoes.debug.xcconfig"; sourceTree = "<group>"; };
/* End PBXFileReference section */

/* Begin PBXFrameworksBuildPhase section */
		BAAD5CF72160FF6800B87493 /* Frameworks */ = {
			isa = PBXFrameworksBuildPhase;
			buildActionMask = 2147483647;
			files = (
				E69DDAE377B290C28D0083B0 /* Pods_echoes.framework in Frameworks */,
			);
			runOnlyForDeploymentPostprocessing = 0;
		};
		BAAD5D0B2160FF6900B87493 /* Frameworks */ = {
			isa = PBXFrameworksBuildPhase;
			buildActionMask = 2147483647;
			files = (
				6A007CE5F951F4D3A6EDE550 /* Pods_echoesTests.framework in Frameworks */,
			);
			runOnlyForDeploymentPostprocessing = 0;
		};
		BAAD5D162160FF6900B87493 /* Frameworks */ = {
			isa = PBXFrameworksBuildPhase;
			buildActionMask = 2147483647;
			files = (
				B6EBB526D5907F6A676E3894 /* Pods_echoesUITests.framework in Frameworks */,
			);
			runOnlyForDeploymentPostprocessing = 0;
		};
/* End PBXFrameworksBuildPhase section */

/* Begin PBXGroup section */
		029599FBF513DA132F01B094 /* Frameworks */ = {
			isa = PBXGroup;
			children = (
				A0DC6AA105220380C479877A /* Pods_echoes.framework */,
				854CCA8F28B49E5011CF50C7 /* Pods_echoesTests.framework */,
				961FA2B75C42D59ECA4E4FB0 /* Pods_echoesUITests.framework */,
			);
			name = Frameworks;
			sourceTree = "<group>";
		};
		BAAD5CF12160FF6800B87493 = {
			isa = PBXGroup;
			children = (
				BAAD5CFC2160FF6800B87493 /* echoes */,
				BAAD5D112160FF6900B87493 /* echoesTests */,
				BAAD5D1C2160FF6A00B87493 /* echoesUITests */,
				BAAD5CFB2160FF6800B87493 /* Products */,
				F0B08EA1699E8D9E889B9391 /* Pods */,
				029599FBF513DA132F01B094 /* Frameworks */,
			);
			sourceTree = "<group>";
		};
		BAAD5CFB2160FF6800B87493 /* Products */ = {
			isa = PBXGroup;
			children = (
				BAAD5CFA2160FF6800B87493 /* echoes.app */,
				BAAD5D0E2160FF6900B87493 /* echoesTests.xctest */,
				BAAD5D192160FF6900B87493 /* echoesUITests.xctest */,
			);
			name = Products;
			sourceTree = "<group>";
		};
		BAAD5CFC2160FF6800B87493 /* echoes */ = {
			isa = PBXGroup;
			children = (
				BAEFD80E2161541A0014769B /* generated-src */,
				BA4E5192216106C30094C9FE /* awsconfiguration.json */,
				BAAD5CFD2160FF6800B87493 /* AppDelegate.swift */,
				BAAD5CFF2160FF6800B87493 /* ViewController.swift */,
				BAAD5D012160FF6800B87493 /* Main.storyboard */,
				BAAD5D042160FF6900B87493 /* Assets.xcassets */,
				BAAD5D062160FF6900B87493 /* LaunchScreen.storyboard */,
				BAAD5D092160FF6900B87493 /* Info.plist */,
			);
			path = echoes;
			sourceTree = "<group>";
		};
		BAAD5D112160FF6900B87493 /* echoesTests */ = {
			isa = PBXGroup;
			children = (
				BAAD5D122160FF6900B87493 /* echoesTests.swift */,
				BAAD5D142160FF6900B87493 /* Info.plist */,
			);
			path = echoesTests;
			sourceTree = "<group>";
		};
		BAAD5D1C2160FF6A00B87493 /* echoesUITests */ = {
			isa = PBXGroup;
			children = (
				BAAD5D1D2160FF6A00B87493 /* echoesUITests.swift */,
				BAAD5D1F2160FF6A00B87493 /* Info.plist */,
			);
			path = echoesUITests;
			sourceTree = "<group>";
		};
		BAEFD80E2161541A0014769B /* generated-src */ = {
			isa = PBXGroup;
			children = (
				BAEFD80F2161541A0014769B /* AWSApiGatewayBridge.h */,
				BAEFD8102161541A0014769B /* ECHOESRESTAPIEchoesaddcClient.swift */,
				BAEFD8112161541A0014769B /* ECHOESRESTAPIResponseSchema.swift */,
				BAEFD8122161541A0014769B /* ECHOESRESTAPIRequestSchema.swift */,
				BAEFD8132161541A0014769B /* Bridging_Header.h */,
			);
			path = "generated-src";
			sourceTree = SOURCE_ROOT;
		};
		F0B08EA1699E8D9E889B9391 /* Pods */ = {
			isa = PBXGroup;
			children = (
				E5486EF451C076D7F0106CB2 /* Pods-echoes.debug.xcconfig */,
				67D29CCEBEB9211D524C91B5 /* Pods-echoes.release.xcconfig */,
				707C95F756487F43F99E46B0 /* Pods-echoesTests.debug.xcconfig */,
				7A2DC3CCE316BC3FFF9E5468 /* Pods-echoesTests.release.xcconfig */,
				46ADC6CD775E5825174CF679 /* Pods-echoesUITests.debug.xcconfig */,
				5235A7E24810F629D302B2EE /* Pods-echoesUITests.release.xcconfig */,
			);
			name = Pods;
			sourceTree = "<group>";
		};
/* End PBXGroup section */

/* Begin PBXNativeTarget section */
		BAAD5CF92160FF6800B87493 /* echoes */ = {
			isa = PBXNativeTarget;
			buildConfigurationList = BAAD5D222160FF6A00B87493 /* Build configuration list for PBXNativeTarget "echoes" */;
			buildPhases = (
				B1DD4D86B54961284CB93A0C /* [CP] Check Pods Manifest.lock */,
				BAAD5CF62160FF6800B87493 /* Sources */,
				BAAD5CF72160FF6800B87493 /* Frameworks */,
				BAAD5CF82160FF6800B87493 /* Resources */,
				76E81C9DBFF30A7C5B6B6805 /* [CP] Embed Pods Frameworks */,
			);
			buildRules = (
			);
			dependencies = (
			);
			name = echoes;
			productName = echoes;
			productReference = BAAD5CFA2160FF6800B87493 /* echoes.app */;
			productType = "com.apple.product-type.application";
		};
		BAAD5D0D2160FF6900B87493 /* echoesTests */ = {
			isa = PBXNativeTarget;
			buildConfigurationList = BAAD5D252160FF6A00B87493 /* Build configuration list for PBXNativeTarget "echoesTests" */;
			buildPhases = (
				BCDDD397C9DEC11F57C19CB2 /* [CP] Check Pods Manifest.lock */,
				BAAD5D0A2160FF6900B87493 /* Sources */,
				BAAD5D0B2160FF6900B87493 /* Frameworks */,
				BAAD5D0C2160FF6900B87493 /* Resources */,
			);
			buildRules = (
			);
			dependencies = (
				BAAD5D102160FF6900B87493 /* PBXTargetDependency */,
			);
			name = echoesTests;
			productName = echoesTests;
			productReference = BAAD5D0E2160FF6900B87493 /* echoesTests.xctest */;
			productType = "com.apple.product-type.bundle.unit-test";
		};
		BAAD5D182160FF6900B87493 /* echoesUITests */ = {
			isa = PBXNativeTarget;
			buildConfigurationList = BAAD5D282160FF6A00B87493 /* Build configuration list for PBXNativeTarget "echoesUITests" */;
			buildPhases = (
				7DAFA306A967FE2BFE3B49A2 /* [CP] Check Pods Manifest.lock */,
				BAAD5D152160FF6900B87493 /* Sources */,
				BAAD5D162160FF6900B87493 /* Frameworks */,
				BAAD5D172160FF6900B87493 /* Resources */,
			);
			buildRules = (
			);
			dependencies = (
				BAAD5D1B2160FF6900B87493 /* PBXTargetDependency */,
			);
			name = echoesUITests;
			productName = echoesUITests;
			productReference = BAAD5D192160FF6900B87493 /* echoesUITests.xctest */;
			productType = "com.apple.product-type.bundle.ui-testing";
		};
/* End PBXNativeTarget section */

/* Begin PBXProject section */
		BAAD5CF22160FF6800B87493 /* Project object */ = {
			isa = PBXProject;
			attributes = {
				LastSwiftUpdateCheck = 1000;
				LastUpgradeCheck = 1000;
				ORGANIZATIONNAME = "AJ Green";
				TargetAttributes = {
					BAAD5CF92160FF6800B87493 = {
						CreatedOnToolsVersion = 10.0;
					};
					BAAD5D0D2160FF6900B87493 = {
						CreatedOnToolsVersion = 10.0;
						TestTargetID = BAAD5CF92160FF6800B87493;
					};
					BAAD5D182160FF6900B87493 = {
						CreatedOnToolsVersion = 10.0;
						TestTargetID = BAAD5CF92160FF6800B87493;
					};
				};
			};
			buildConfigurationList = BAAD5CF52160FF6800B87493 /* Build configuration list for PBXProject "echoes" */;
			compatibilityVersion = "Xcode 9.3";
			developmentRegion = en;
			hasScannedForEncodings = 0;
			knownRegions = (
				en,
				Base,
			);
			mainGroup = BAAD5CF12160FF6800B87493;
			productRefGroup = BAAD5CFB2160FF6800B87493 /* Products */;
			projectDirPath = "";
			projectRoot = "";
			targets = (
				BAAD5CF92160FF6800B87493 /* echoes */,
				BAAD5D0D2160FF6900B87493 /* echoesTests */,
				BAAD5D182160FF6900B87493 /* echoesUITests */,
			);
		};
/* End PBXProject section */

/* Begin PBXResourcesBuildPhase section */
		BAAD5CF82160FF6800B87493 /* Resources */ = {
			isa = PBXResourcesBuildPhase;
			buildActionMask = 2147483647;
			files = (
				BA4E5193216106C30094C9FE /* awsconfiguration.json in Resources */,
				BAAD5D082160FF6900B87493 /* LaunchScreen.storyboard in Resources */,
				BAAD5D052160FF6900B87493 /* Assets.xcassets in Resources */,
				BAAD5D032160FF6800B87493 /* Main.storyboard in Resources */,
			);
			runOnlyForDeploymentPostprocessing = 0;
		};
		BAAD5D0C2160FF6900B87493 /* Resources */ = {
			isa = PBXResourcesBuildPhase;
			buildActionMask = 2147483647;
			files = (
			);
			runOnlyForDeploymentPostprocessing = 0;
		};
		BAAD5D172160FF6900B87493 /* Resources */ = {
			isa = PBXResourcesBuildPhase;
			buildActionMask = 2147483647;
			files = (
			);
			runOnlyForDeploymentPostprocessing = 0;
		};
/* End PBXResourcesBuildPhase section */

/* Begin PBXShellScriptBuildPhase section */
		76E81C9DBFF30A7C5B6B6805 /* [CP] Embed Pods Frameworks */ = {
			isa = PBXShellScriptBuildPhase;
			buildActionMask = 2147483647;
			files = (
			);
			inputFileListPaths = (
			);
			inputPaths = (
				"${SRCROOT}/Pods/Target Support Files/Pods-echoes/Pods-echoes-frameworks.sh",
				"${BUILT_PRODUCTS_DIR}/AWSAPIGateway/AWSAPIGateway.framework",
				"${BUILT_PRODUCTS_DIR}/AWSAuthCore/AWSAuthCore.framework",
				"${BUILT_PRODUCTS_DIR}/AWSAuthUI/AWSAuthUI.framework",
				"${BUILT_PRODUCTS_DIR}/AWSCognitoIdentityProvider/AWSCognitoIdentityProvider.framework",
				"${BUILT_PRODUCTS_DIR}/AWSCognitoIdentityProviderASF/AWSCognitoIdentityProviderASF.framework",
				"${BUILT_PRODUCTS_DIR}/AWSCore/AWSCore.framework",
				"${BUILT_PRODUCTS_DIR}/AWSMobileClient/AWSMobileClient.framework",
				"${BUILT_PRODUCTS_DIR}/AWSPinpoint/AWSPinpoint.framework",
				"${BUILT_PRODUCTS_DIR}/AWSUserPoolsSignIn/AWSUserPoolsSignIn.framework",
			);
			name = "[CP] Embed Pods Frameworks";
			outputFileListPaths = (
			);
			outputPaths = (
				"${TARGET_BUILD_DIR}/${FRAMEWORKS_FOLDER_PATH}/AWSAPIGateway.framework",
				"${TARGET_BUILD_DIR}/${FRAMEWORKS_FOLDER_PATH}/AWSAuthCore.framework",
				"${TARGET_BUILD_DIR}/${FRAMEWORKS_FOLDER_PATH}/AWSAuthUI.framework",
				"${TARGET_BUILD_DIR}/${FRAMEWORKS_FOLDER_PATH}/AWSCognitoIdentityProvider.framework",
				"${TARGET_BUILD_DIR}/${FRAMEWORKS_FOLDER_PATH}/AWSCognitoIdentityProviderASF.framework",
				"${TARGET_BUILD_DIR}/${FRAMEWORKS_FOLDER_PATH}/AWSCore.framework",
				"${TARGET_BUILD_DIR}/${FRAMEWORKS_FOLDER_PATH}/AWSMobileClient.framework",
				"${TARGET_BUILD_DIR}/${FRAMEWORKS_FOLDER_PATH}/AWSPinpoint.framework",
				"${TARGET_BUILD_DIR}/${FRAMEWORKS_FOLDER_PATH}/AWSUserPoolsSignIn.framework",
			);
			runOnlyForDeploymentPostprocessing = 0;
			shellPath = /bin/sh;
			shellScript = "\"${SRCROOT}/Pods/Target Support Files/Pods-echoes/Pods-echoes-frameworks.sh\"\n";
			showEnvVarsInLog = 0;
		};
		7DAFA306A967FE2BFE3B49A2 /* [CP] Check Pods Manifest.lock */ = {
			isa = PBXShellScriptBuildPhase;
			buildActionMask = 2147483647;
			files = (
			);
			inputFileListPaths = (
			);
			inputPaths = (
				"${PODS_PODFILE_DIR_PATH}/Podfile.lock",
				"${PODS_ROOT}/Manifest.lock",
			);
			name = "[CP] Check Pods Manifest.lock";
			outputFileListPaths = (
			);
			outputPaths = (
				"$(DERIVED_FILE_DIR)/Pods-echoesUITests-checkManifestLockResult.txt",
			);
			runOnlyForDeploymentPostprocessing = 0;
			shellPath = /bin/sh;
			shellScript = "diff \"${PODS_PODFILE_DIR_PATH}/Podfile.lock\" \"${PODS_ROOT}/Manifest.lock\" > /dev/null\nif [ $? != 0 ] ; then\n    # print error to STDERR\n    echo \"error: The sandbox is not in sync with the Podfile.lock. Run 'pod install' or update your CocoaPods installation.\" >&2\n    exit 1\nfi\n# This output is used by Xcode 'outputs' to avoid re-running this script phase.\necho \"SUCCESS\" > \"${SCRIPT_OUTPUT_FILE_0}\"\n";
			showEnvVarsInLog = 0;
		};
		B1DD4D86B54961284CB93A0C /* [CP] Check Pods Manifest.lock */ = {
			isa = PBXShellScriptBuildPhase;
			buildActionMask = 2147483647;
			files = (
			);
			inputFileListPaths = (
			);
			inputPaths = (
				"${PODS_PODFILE_DIR_PATH}/Podfile.lock",
				"${PODS_ROOT}/Manifest.lock",
			);
			name = "[CP] Check Pods Manifest.lock";
			outputFileListPaths = (
			);
			outputPaths = (
				"$(DERIVED_FILE_DIR)/Pods-echoes-checkManifestLockResult.txt",
			);
			runOnlyForDeploymentPostprocessing = 0;
			shellPath = /bin/sh;
			shellScript = "diff \"${PODS_PODFILE_DIR_PATH}/Podfile.lock\" \"${PODS_ROOT}/Manifest.lock\" > /dev/null\nif [ $? != 0 ] ; then\n    # print error to STDERR\n    echo \"error: The sandbox is not in sync with the Podfile.lock. Run 'pod install' or update your CocoaPods installation.\" >&2\n    exit 1\nfi\n# This output is used by Xcode 'outputs' to avoid re-running this script phase.\necho \"SUCCESS\" > \"${SCRIPT_OUTPUT_FILE_0}\"\n";
			showEnvVarsInLog = 0;
		};
		BCDDD397C9DEC11F57C19CB2 /* [CP] Check Pods Manifest.lock */ = {
			isa = PBXShellScriptBuildPhase;
			buildActionMask = 2147483647;
			files = (
			);
			inputFileListPaths = (
			);
			inputPaths = (
				"${PODS_PODFILE_DIR_PATH}/Podfile.lock",
				"${PODS_ROOT}/Manifest.lock",
			);
			name = "[CP] Check Pods Manifest.lock";
			outputFileListPaths = (
			);
			outputPaths = (
				"$(DERIVED_FILE_DIR)/Pods-echoesTests-checkManifestLockResult.txt",
			);
			runOnlyForDeploymentPostprocessing = 0;
			shellPath = /bin/sh;
			shellScript = "diff \"${PODS_PODFILE_DIR_PATH}/Podfile.lock\" \"${PODS_ROOT}/Manifest.lock\" > /dev/null\nif [ $? != 0 ] ; then\n    # print error to STDERR\n    echo \"error: The sandbox is not in sync with the Podfile.lock. Run 'pod install' or update your CocoaPods installation.\" >&2\n    exit 1\nfi\n# This output is used by Xcode 'outputs' to avoid re-running this script phase.\necho \"SUCCESS\" > \"${SCRIPT_OUTPUT_FILE_0}\"\n";
			showEnvVarsInLog = 0;
		};
/* End PBXShellScriptBuildPhase section */

/* Begin PBXSourcesBuildPhase section */
		BAAD5CF62160FF6800B87493 /* Sources */ = {
			isa = PBXSourcesBuildPhase;
			buildActionMask = 2147483647;
			files = (
				BAAD5D002160FF6800B87493 /* ViewController.swift in Sources */,
				BAEFD8152161541A0014769B /* ECHOESRESTAPIResponseSchema.swift in Sources */,
				BAEFD8162161541A0014769B /* ECHOESRESTAPIRequestSchema.swift in Sources */,
				BAAD5CFE2160FF6800B87493 /* AppDelegate.swift in Sources */,
				BAEFD8142161541A0014769B /* ECHOESRESTAPIEchoesaddcClient.swift in Sources */,
			);
			runOnlyForDeploymentPostprocessing = 0;
		};
		BAAD5D0A2160FF6900B87493 /* Sources */ = {
			isa = PBXSourcesBuildPhase;
			buildActionMask = 2147483647;
			files = (
				BAAD5D132160FF6900B87493 /* echoesTests.swift in Sources */,
			);
			runOnlyForDeploymentPostprocessing = 0;
		};
		BAAD5D152160FF6900B87493 /* Sources */ = {
			isa = PBXSourcesBuildPhase;
			buildActionMask = 2147483647;
			files = (
				BAAD5D1E2160FF6A00B87493 /* echoesUITests.swift in Sources */,
			);
			runOnlyForDeploymentPostprocessing = 0;
		};
/* End PBXSourcesBuildPhase section */

/* Begin PBXTargetDependency section */
		BAAD5D102160FF6900B87493 /* PBXTargetDependency */ = {
			isa = PBXTargetDependency;
			target = BAAD5CF92160FF6800B87493 /* echoes */;
			targetProxy = BAAD5D0F2160FF6900B87493 /* PBXContainerItemProxy */;
		};
		BAAD5D1B2160FF6900B87493 /* PBXTargetDependency */ = {
			isa = PBXTargetDependency;
			target = BAAD5CF92160FF6800B87493 /* echoes */;
			targetProxy = BAAD5D1A2160FF6900B87493 /* PBXContainerItemProxy */;
		};
/* End PBXTargetDependency section */

/* Begin PBXVariantGroup section */
		BAAD5D012160FF6800B87493 /* Main.storyboard */ = {
			isa = PBXVariantGroup;
			children = (
				BAAD5D022160FF6800B87493 /* Base */,
			);
			name = Main.storyboard;
			sourceTree = "<group>";
		};
		BAAD5D062160FF6900B87493 /* LaunchScreen.storyboard */ = {
			isa = PBXVariantGroup;
			children = (
				BAAD5D072160FF6900B87493 /* Base */,
			);
			name = LaunchScreen.storyboard;
			sourceTree = "<group>";
		};
/* End PBXVariantGroup section */

/* Begin XCBuildConfiguration section */
		BAAD5D202160FF6A00B87493 /* Debug */ = {
			isa = XCBuildConfiguration;
			buildSettings = {
				ALWAYS_SEARCH_USER_PATHS = NO;
				CLANG_ANALYZER_NONNULL = YES;
				CLANG_ANALYZER_NUMBER_OBJECT_CONVERSION = YES_AGGRESSIVE;
				CLANG_CXX_LANGUAGE_STANDARD = "gnu++14";
				CLANG_CXX_LIBRARY = "libc++";
				CLANG_ENABLE_MODULES = YES;
				CLANG_ENABLE_OBJC_ARC = YES;
				CLANG_ENABLE_OBJC_WEAK = YES;
				CLANG_WARN_BLOCK_CAPTURE_AUTORELEASING = YES;
				CLANG_WARN_BOOL_CONVERSION = YES;
				CLANG_WARN_COMMA = YES;
				CLANG_WARN_CONSTANT_CONVERSION = YES;
				CLANG_WARN_DEPRECATED_OBJC_IMPLEMENTATIONS = YES;
				CLANG_WARN_DIRECT_OBJC_ISA_USAGE = YES_ERROR;
				CLANG_WARN_DOCUMENTATION_COMMENTS = YES;
				CLANG_WARN_EMPTY_BODY = YES;
				CLANG_WARN_ENUM_CONVERSION = YES;
				CLANG_WARN_INFINITE_RECURSION = YES;
				CLANG_WARN_INT_CONVERSION = YES;
				CLANG_WARN_NON_LITERAL_NULL_CONVERSION = YES;
				CLANG_WARN_OBJC_IMPLICIT_RETAIN_SELF = YES;
				CLANG_WARN_OBJC_LITERAL_CONVERSION = YES;
				CLANG_WARN_OBJC_ROOT_CLASS = YES_ERROR;
				CLANG_WARN_RANGE_LOOP_ANALYSIS = YES;
				CLANG_WARN_STRICT_PROTOTYPES = YES;
				CLANG_WARN_SUSPICIOUS_MOVE = YES;
				CLANG_WARN_UNGUARDED_AVAILABILITY = YES_AGGRESSIVE;
				CLANG_WARN_UNREACHABLE_CODE = YES;
				CLANG_WARN__DUPLICATE_METHOD_MATCH = YES;
				CODE_SIGN_IDENTITY = "iPhone Developer";
				COPY_PHASE_STRIP = NO;
				DEBUG_INFORMATION_FORMAT = dwarf;
				ENABLE_STRICT_OBJC_MSGSEND = YES;
				ENABLE_TESTABILITY = YES;
				GCC_C_LANGUAGE_STANDARD = gnu11;
				GCC_DYNAMIC_NO_PIC = NO;
				GCC_NO_COMMON_BLOCKS = YES;
				GCC_OPTIMIZATION_LEVEL = 0;
				GCC_PREPROCESSOR_DEFINITIONS = (
					"DEBUG=1",
					"$(inherited)",
				);
				GCC_WARN_64_TO_32_BIT_CONVERSION = YES;
				GCC_WARN_ABOUT_RETURN_TYPE = YES_ERROR;
				GCC_WARN_UNDECLARED_SELECTOR = YES;
				GCC_WARN_UNINITIALIZED_AUTOS = YES_AGGRESSIVE;
				GCC_WARN_UNUSED_FUNCTION = YES;
				GCC_WARN_UNUSED_VARIABLE = YES;
				IPHONEOS_DEPLOYMENT_TARGET = 12.0;
				MTL_ENABLE_DEBUG_INFO = INCLUDE_SOURCE;
				MTL_FAST_MATH = YES;
				ONLY_ACTIVE_ARCH = YES;
				SDKROOT = iphoneos;
				SWIFT_ACTIVE_COMPILATION_CONDITIONS = DEBUG;
				SWIFT_OPTIMIZATION_LEVEL = "-Onone";
			};
			name = Debug;
		};
		BAAD5D212160FF6A00B87493 /* Release */ = {
			isa = XCBuildConfiguration;
			buildSettings = {
				ALWAYS_SEARCH_USER_PATHS = NO;
				CLANG_ANALYZER_NONNULL = YES;
				CLANG_ANALYZER_NUMBER_OBJECT_CONVERSION = YES_AGGRESSIVE;
				CLANG_CXX_LANGUAGE_STANDARD = "gnu++14";
				CLANG_CXX_LIBRARY = "libc++";
				CLANG_ENABLE_MODULES = YES;
				CLANG_ENABLE_OBJC_ARC = YES;
				CLANG_ENABLE_OBJC_WEAK = YES;
				CLANG_WARN_BLOCK_CAPTURE_AUTORELEASING = YES;
				CLANG_WARN_BOOL_CONVERSION = YES;
				CLANG_WARN_COMMA = YES;
				CLANG_WARN_CONSTANT_CONVERSION = YES;
				CLANG_WARN_DEPRECATED_OBJC_IMPLEMENTATIONS = YES;
				CLANG_WARN_DIRECT_OBJC_ISA_USAGE = YES_ERROR;
				CLANG_WARN_DOCUMENTATION_COMMENTS = YES;
				CLANG_WARN_EMPTY_BODY = YES;
				CLANG_WARN_ENUM_CONVERSION = YES;
				CLANG_WARN_INFINITE_RECURSION = YES;
				CLANG_WARN_INT_CONVERSION = YES;
				CLANG_WARN_NON_LITERAL_NULL_CONVERSION = YES;
				CLANG_WARN_OBJC_IMPLICIT_RETAIN_SELF = YES;
				CLANG_WARN_OBJC_LITERAL_CONVERSION = YES;
				CLANG_WARN_OBJC_ROOT_CLASS = YES_ERROR;
				CLANG_WARN_RANGE_LOOP_ANALYSIS = YES;
				CLANG_WARN_STRICT_PROTOTYPES = YES;
				CLANG_WARN_SUSPICIOUS_MOVE = YES;
				CLANG_WARN_UNGUARDED_AVAILABILITY = YES_AGGRESSIVE;
				CLANG_WARN_UNREACHABLE_CODE = YES;
				CLANG_WARN__DUPLICATE_METHOD_MATCH = YES;
				CODE_SIGN_IDENTITY = "iPhone Developer";
				COPY_PHASE_STRIP = NO;
				DEBUG_INFORMATION_FORMAT = "dwarf-with-dsym";
				ENABLE_NS_ASSERTIONS = NO;
				ENABLE_STRICT_OBJC_MSGSEND = YES;
				GCC_C_LANGUAGE_STANDARD = gnu11;
				GCC_NO_COMMON_BLOCKS = YES;
				GCC_WARN_64_TO_32_BIT_CONVERSION = YES;
				GCC_WARN_ABOUT_RETURN_TYPE = YES_ERROR;
				GCC_WARN_UNDECLARED_SELECTOR = YES;
				GCC_WARN_UNINITIALIZED_AUTOS = YES_AGGRESSIVE;
				GCC_WARN_UNUSED_FUNCTION = YES;
				GCC_WARN_UNUSED_VARIABLE = YES;
				IPHONEOS_DEPLOYMENT_TARGET = 12.0;
				MTL_ENABLE_DEBUG_INFO = NO;
				MTL_FAST_MATH = YES;
				SDKROOT = iphoneos;
				SWIFT_COMPILATION_MODE = wholemodule;
				SWIFT_OPTIMIZATION_LEVEL = "-O";
				VALIDATE_PRODUCT = YES;
			};
			name = Release;
		};
		BAAD5D232160FF6A00B87493 /* Debug */ = {
			isa = XCBuildConfiguration;
			baseConfigurationReference = E5486EF451C076D7F0106CB2 /* Pods-echoes.debug.xcconfig */;
			buildSettings = {
				ASSETCATALOG_COMPILER_APPICON_NAME = AppIcon;
				CODE_SIGN_STYLE = Automatic;
				DEVELOPMENT_TEAM = 4H9QYQ35YY;
				INFOPLIST_FILE = echoes/Info.plist;
				LD_RUNPATH_SEARCH_PATHS = (
					"$(inherited)",
					"@executable_path/Frameworks",
				);
				PRODUCT_BUNDLE_IDENTIFIER = com.gmbs.echoes;
				PRODUCT_NAME = "$(TARGET_NAME)";
				SWIFT_VERSION = 4.2;
				TARGETED_DEVICE_FAMILY = "1,2";
			};
			name = Debug;
		};
		BAAD5D242160FF6A00B87493 /* Release */ = {
			isa = XCBuildConfiguration;
			baseConfigurationReference = 67D29CCEBEB9211D524C91B5 /* Pods-echoes.release.xcconfig */;
			buildSettings = {
				ASSETCATALOG_COMPILER_APPICON_NAME = AppIcon;
				CODE_SIGN_STYLE = Automatic;
				DEVELOPMENT_TEAM = 4H9QYQ35YY;
				INFOPLIST_FILE = echoes/Info.plist;
				LD_RUNPATH_SEARCH_PATHS = (
					"$(inherited)",
					"@executable_path/Frameworks",
				);
				PRODUCT_BUNDLE_IDENTIFIER = com.gmbs.echoes;
				PRODUCT_NAME = "$(TARGET_NAME)";
				SWIFT_VERSION = 4.2;
				TARGETED_DEVICE_FAMILY = "1,2";
			};
			name = Release;
		};
		BAAD5D262160FF6A00B87493 /* Debug */ = {
			isa = XCBuildConfiguration;
			baseConfigurationReference = 707C95F756487F43F99E46B0 /* Pods-echoesTests.debug.xcconfig */;
			buildSettings = {
				ALWAYS_EMBED_SWIFT_STANDARD_LIBRARIES = YES;
				BUNDLE_LOADER = "$(TEST_HOST)";
				CODE_SIGN_STYLE = Automatic;
				DEVELOPMENT_TEAM = 4H9QYQ35YY;
				INFOPLIST_FILE = echoesTests/Info.plist;
				LD_RUNPATH_SEARCH_PATHS = (
					"$(inherited)",
					"@executable_path/Frameworks",
					"@loader_path/Frameworks",
				);
				PRODUCT_BUNDLE_IDENTIFIER = com.gmbs.echoesTests;
				PRODUCT_NAME = "$(TARGET_NAME)";
				SWIFT_VERSION = 4.2;
				TARGETED_DEVICE_FAMILY = "1,2";
				TEST_HOST = "$(BUILT_PRODUCTS_DIR)/echoes.app/echoes";
			};
			name = Debug;
		};
		BAAD5D272160FF6A00B87493 /* Release */ = {
			isa = XCBuildConfiguration;
			baseConfigurationReference = 7A2DC3CCE316BC3FFF9E5468 /* Pods-echoesTests.release.xcconfig */;
			buildSettings = {
				ALWAYS_EMBED_SWIFT_STANDARD_LIBRARIES = YES;
				BUNDLE_LOADER = "$(TEST_HOST)";
				CODE_SIGN_STYLE = Automatic;
				DEVELOPMENT_TEAM = 4H9QYQ35YY;
				INFOPLIST_FILE = echoesTests/Info.plist;
				LD_RUNPATH_SEARCH_PATHS = (
					"$(inherited)",
					"@executable_path/Frameworks",
					"@loader_path/Frameworks",
				);
				PRODUCT_BUNDLE_IDENTIFIER = com.gmbs.echoesTests;
				PRODUCT_NAME = "$(TARGET_NAME)";
				SWIFT_VERSION = 4.2;
				TARGETED_DEVICE_FAMILY = "1,2";
				TEST_HOST = "$(BUILT_PRODUCTS_DIR)/echoes.app/echoes";
			};
			name = Release;
		};
		BAAD5D292160FF6A00B87493 /* Debug */ = {
			isa = XCBuildConfiguration;
			baseConfigurationReference = 46ADC6CD775E5825174CF679 /* Pods-echoesUITests.debug.xcconfig */;
			buildSettings = {
				ALWAYS_EMBED_SWIFT_STANDARD_LIBRARIES = YES;
				CODE_SIGN_STYLE = Automatic;
				DEVELOPMENT_TEAM = 4H9QYQ35YY;
				INFOPLIST_FILE = echoesUITests/Info.plist;
				LD_RUNPATH_SEARCH_PATHS = (
					"$(inherited)",
					"@executable_path/Frameworks",
					"@loader_path/Frameworks",
				);
				PRODUCT_BUNDLE_IDENTIFIER = com.gmbs.echoesUITests;
				PRODUCT_NAME = "$(TARGET_NAME)";
				SWIFT_VERSION = 4.2;
				TARGETED_DEVICE_FAMILY = "1,2";
				TEST_TARGET_NAME = echoes;
			};
			name = Debug;
		};
		BAAD5D2A2160FF6A00B87493 /* Release */ = {
			isa = XCBuildConfiguration;
			baseConfigurationReference = 5235A7E24810F629D302B2EE /* Pods-echoesUITests.release.xcconfig */;
			buildSettings = {
				ALWAYS_EMBED_SWIFT_STANDARD_LIBRARIES = YES;
				CODE_SIGN_STYLE = Automatic;
				DEVELOPMENT_TEAM = 4H9QYQ35YY;
				INFOPLIST_FILE = echoesUITests/Info.plist;
				LD_RUNPATH_SEARCH_PATHS = (
					"$(inherited)",
					"@executable_path/Frameworks",
					"@loader_path/Frameworks",
				);
				PRODUCT_BUNDLE_IDENTIFIER = com.gmbs.echoesUITests;
				PRODUCT_NAME = "$(TARGET_NAME)";
				SWIFT_VERSION = 4.2;
				TARGETED_DEVICE_FAMILY = "1,2";
				TEST_TARGET_NAME = echoes;
			};
			name = Release;
		};
/* End XCBuildConfiguration section */

/* Begin XCConfigurationList section */
		BAAD5CF52160FF6800B87493 /* Build configuration list for PBXProject "echoes" */ = {
			isa = XCConfigurationList;
			buildConfigurations = (
				BAAD5D202160FF6A00B87493 /* Debug */,
				BAAD5D212160FF6A00B87493 /* Release */,
			);
			defaultConfigurationIsVisible = 0;
			defaultConfigurationName = Release;
		};
		BAAD5D222160FF6A00B87493 /* Build configuration list for PBXNativeTarget "echoes" */ = {
			isa = XCConfigurationList;
			buildConfigurations = (
				BAAD5D232160FF6A00B87493 /* Debug */,
				BAAD5D242160FF6A00B87493 /* Release */,
			);
			defaultConfigurationIsVisible = 0;
			defaultConfigurationName = Release;
		};
		BAAD5D252160FF6A00B87493 /* Build configuration list for PBXNativeTarget "echoesTests" */ = {
			isa = XCConfigurationList;
			buildConfigurations = (
				BAAD5D262160FF6A00B87493 /* Debug */,
				BAAD5D272160FF6A00B87493 /* Release */,
			);
			defaultConfigurationIsVisible = 0;
			defaultConfigurationName = Release;
		};
		BAAD5D282160FF6A00B87493 /* Build configuration list for PBXNativeTarget "echoesUITests" */ = {
			isa = XCConfigurationList;
			buildConfigurations = (
				BAAD5D292160FF6A00B87493 /* Debug */,
				BAAD5D2A2160FF6A00B87493 /* Release */,
			);
			defaultConfigurationIsVisible = 0;
			defaultConfigurationName = Release;
		};
/* End XCConfigurationList section */
	};
	rootObject = BAAD5CF22160FF6800B87493 /* Project object */;
}
